
Microsoft Visual Studio Solution File, Format Version 12.00
# Visual Studio Version 17
VisualStudioVersion = 17.14.36203.30 d17.14
MinimumVisualStudioVersion = 10.0.40219.1
Project("{FAE04EC0-301F-11D3-BF4B-00C04F79EFBC}") = "ArrayExamples", "ArrayExamples\ArrayExamples.csproj", "{7E2F1C06-372E-4C6B-9EA3-71B07E5B99A1}"
EndProject
Project("{FAE04EC0-301F-11D3-BF4B-00C04F79EFBC}") = "StronglyTypedCollections", "StronglyTypedCollections\StronglyTypedCollections.csproj", "{F87500A7-2341-4DC0-933E-A56DB2F9EDBE}"
EndProject
Project("{FAE04EC0-301F-11D3-BF4B-00C04F79EFBC}") = "Assignment", "Assignment\Assignment.csproj", "{C064B218-498F-4DD1-A4C4-AFAA374D31F8}"
EndProject
Global
	GlobalSection(SolutionConfigurationPlatforms) = preSolution
		Debug|Any CPU = Debug|Any CPU
		Release|Any CPU = Release|Any CPU
	EndGlobalSection
	GlobalSection(ProjectConfigurationPlatforms) = postSolution
		{7E2F1C06-372E-4C6B-9EA3-71B07E5B99A1}.Debug|Any CPU.ActiveCfg = Debug|Any CPU
		{7E2F1C06-372E-4C6B-9EA3-71B07E5B99A1}.Debug|Any CPU.Build.0 = Debug|Any CPU
		{7E2F1C06-372E-4C6B-9EA3-71B07E5B99A1}.Release|Any CPU.ActiveCfg = Release|Any CPU
		{7E2F1C06-372E-4C6B-9EA3-71B07E5B99A1}.Release|Any CPU.Build.0 = Release|Any CPU
		{F87500A7-2341-4DC0-933E-A56DB2F9EDBE}.Debug|Any CPU.ActiveCfg = Debug|Any CPU
		{F87500A7-2341-4DC0-933E-A56DB2F9EDBE}.Debug|Any CPU.Build.0 = Debug|Any CPU
		{F87500A7-2341-4DC0-933E-A56DB2F9EDBE}.Release|Any CPU.ActiveCfg = Release|Any CPU
		{F87500A7-2341-4DC0-933E-A56DB2F9EDBE}.Release|Any CPU.Build.0 = Release|Any CPU
		{C064B218-498F-4DD1-A4C4-AFAA374D31F8}.Debug|Any CPU.ActiveCfg = Debug|Any CPU
		{C064B218-498F-4DD1-A4C4-AFAA374D31F8}.Debug|Any CPU.Build.0 = Debug|Any CPU
		{C064B218-498F-4DD1-A4C4-AFAA374D31F8}.Release|Any CPU.ActiveCfg = Release|Any CPU
		{C064B218-498F-4DD1-A4C4-AFAA374D31F8}.Release|Any CPU.Build.0 = Release|Any CPU
	EndGlobalSection
	GlobalSection(SolutionProperties) = preSolution
		HideSolutionNode = FALSE
	EndGlobalSection
	GlobalSection(ExtensibilityGlobals) = postSolution
		SolutionGuid = {A895556E-D6B1-45AC-914E-85DBAA3018BA}
	EndGlobalSection
EndGlobal
